// !$*UTF8*$!
{
	archiveVersion = 1;
	classes = {
	};
	objectVersion = 50;
	objects = {

/* Begin PBXBuildFile section */
		765D1BBC271C34A6000835CD /* SettingsEditTextView.swift in Sources */ = {isa = PBXBuildFile; fileRef = 765D1BBB271C34A6000835CD /* SettingsEditTextView.swift */; };
		767F92C92722A16D009D85F1 /* OnboardingView.swift in Sources */ = {isa = PBXBuildFile; fileRef = 767F92C82722A16D009D85F1 /* OnboardingView.swift */; };
		767F92CB2722A419009D85F1 /* SignInWithAppleButtonCustom.swift in Sources */ = {isa = PBXBuildFile; fileRef = 767F92CA2722A419009D85F1 /* SignInWithAppleButtonCustom.swift */; };
		767F92CD2722A79C009D85F1 /* OnboardingViewPart2.swift in Sources */ = {isa = PBXBuildFile; fileRef = 767F92CC2722A79C009D85F1 /* OnboardingViewPart2.swift */; };
		767F92CF2722CD4C009D85F1 /* LikeAnimationView.swift in Sources */ = {isa = PBXBuildFile; fileRef = 767F92CE2722CD4C009D85F1 /* LikeAnimationView.swift */; };
		76C353472721A13100808133 /* SignUpView.swift in Sources */ = {isa = PBXBuildFile; fileRef = 76C353462721A13100808133 /* SignUpView.swift */; };
		76E1837F271E1E680014A3AF /* SettingsEditImageView.swift in Sources */ = {isa = PBXBuildFile; fileRef = 76E1837E271E1E680014A3AF /* SettingsEditImageView.swift */; };
		990495FE2708B2DF00E9C528 /* ProfileView.swift in Sources */ = {isa = PBXBuildFile; fileRef = 990495FD2708B2DF00E9C528 /* ProfileView.swift */; };
		990496012708B49900E9C528 /* ProfileHeaderView.swift in Sources */ = {isa = PBXBuildFile; fileRef = 990496002708B49900E9C528 /* ProfileHeaderView.swift */; };
		9966D70526E3CE2B00BB06E0 /* UploadView.swift in Sources */ = {isa = PBXBuildFile; fileRef = 9966D70426E3CE2B00BB06E0 /* UploadView.swift */; };
		9966D70826E3E51700BB06E0 /* ImagePicker.swift in Sources */ = {isa = PBXBuildFile; fileRef = 9966D70726E3E51700BB06E0 /* ImagePicker.swift */; };
		9966D70B26E4F39100BB06E0 /* PostImageView.swift in Sources */ = {isa = PBXBuildFile; fileRef = 9966D70A26E4F39100BB06E0 /* PostImageView.swift */; };
		99DDC1DB2712F614001E6C0B /* SettingsView.swift in Sources */ = {isa = PBXBuildFile; fileRef = 99DDC1DA2712F614001E6C0B /* SettingsView.swift */; };
		99DDC1DE2712FAAC001E6C0B /* SettingsLabelView.swift in Sources */ = {isa = PBXBuildFile; fileRef = 99DDC1DD2712FAAC001E6C0B /* SettingsLabelView.swift */; };
		99DDC1E12712FFEA001E6C0B /* SettingsRowView.swift in Sources */ = {isa = PBXBuildFile; fileRef = 99DDC1E02712FFEA001E6C0B /* SettingsRowView.swift */; };
		99E6D38026D970EB004CAE26 /* DogGramApp.swift in Sources */ = {isa = PBXBuildFile; fileRef = 99E6D37F26D970EB004CAE26 /* DogGramApp.swift */; };
		99E6D38226D970EB004CAE26 /* ContentView.swift in Sources */ = {isa = PBXBuildFile; fileRef = 99E6D38126D970EB004CAE26 /* ContentView.swift */; };
		99E6D38426D970F9004CAE26 /* Assets.xcassets in Resources */ = {isa = PBXBuildFile; fileRef = 99E6D38326D970F9004CAE26 /* Assets.xcassets */; };
		99E6D38726D970F9004CAE26 /* Preview Assets.xcassets in Resources */ = {isa = PBXBuildFile; fileRef = 99E6D38626D970F9004CAE26 /* Preview Assets.xcassets */; };
		99E6D39126D97AE4004CAE26 /* LaunchScreen.storyboard in Resources */ = {isa = PBXBuildFile; fileRef = 99E6D39026D97AE4004CAE26 /* LaunchScreen.storyboard */; };
		99E6D39A26D98337004CAE26 /* Extensions.swift in Sources */ = {isa = PBXBuildFile; fileRef = 99E6D39926D98337004CAE26 /* Extensions.swift */; };
		99E6D39E26D984B3004CAE26 /* FeedView.swift in Sources */ = {isa = PBXBuildFile; fileRef = 99E6D39D26D984B3004CAE26 /* FeedView.swift */; };
		99E6D3A226D985E5004CAE26 /* PostView.swift in Sources */ = {isa = PBXBuildFile; fileRef = 99E6D3A126D985E5004CAE26 /* PostView.swift */; };
		99E6D3A626DA22B7004CAE26 /* PostModel.swift in Sources */ = {isa = PBXBuildFile; fileRef = 99E6D3A526DA22B7004CAE26 /* PostModel.swift */; };
		99E6D3AA26DA2806004CAE26 /* PostArrayObject.swift in Sources */ = {isa = PBXBuildFile; fileRef = 99E6D3A926DA2806004CAE26 /* PostArrayObject.swift */; };
		99E6D3AD26DA2E8E004CAE26 /* CommentsView.swift in Sources */ = {isa = PBXBuildFile; fileRef = 99E6D3AC26DA2E8E004CAE26 /* CommentsView.swift */; };
		99E6D3B026DA32FB004CAE26 /* MessageView.swift in Sources */ = {isa = PBXBuildFile; fileRef = 99E6D3AF26DA32FB004CAE26 /* MessageView.swift */; };
		99E6D3B326DA372A004CAE26 /* CommentModel.swift in Sources */ = {isa = PBXBuildFile; fileRef = 99E6D3B226DA372A004CAE26 /* CommentModel.swift */; };
		99E6D3B626DA7C6C004CAE26 /* BrowseView.swift in Sources */ = {isa = PBXBuildFile; fileRef = 99E6D3B526DA7C6C004CAE26 /* BrowseView.swift */; };
		99E6D3B926DA7D83004CAE26 /* CarouselView.swift in Sources */ = {isa = PBXBuildFile; fileRef = 99E6D3B826DA7D83004CAE26 /* CarouselView.swift */; };
		99E6D3BC26DA909F004CAE26 /* ImageGridView.swift in Sources */ = {isa = PBXBuildFile; fileRef = 99E6D3BB26DA909F004CAE26 /* ImageGridView.swift */; };
/* End PBXBuildFile section */

/* Begin PBXFileReference section */
		765D1BBB271C34A6000835CD /* SettingsEditTextView.swift */ = {isa = PBXFileReference; lastKnownFileType = sourcecode.swift; path = SettingsEditTextView.swift; sourceTree = "<group>"; };
		767F92C82722A16D009D85F1 /* OnboardingView.swift */ = {isa = PBXFileReference; lastKnownFileType = sourcecode.swift; path = OnboardingView.swift; sourceTree = "<group>"; };
		767F92CA2722A419009D85F1 /* SignInWithAppleButtonCustom.swift */ = {isa = PBXFileReference; lastKnownFileType = sourcecode.swift; path = SignInWithAppleButtonCustom.swift; sourceTree = "<group>"; };
		767F92CC2722A79C009D85F1 /* OnboardingViewPart2.swift */ = {isa = PBXFileReference; lastKnownFileType = sourcecode.swift; path = OnboardingViewPart2.swift; sourceTree = "<group>"; };
		767F92CE2722CD4C009D85F1 /* LikeAnimationView.swift */ = {isa = PBXFileReference; lastKnownFileType = sourcecode.swift; path = LikeAnimationView.swift; sourceTree = "<group>"; };
		76C353462721A13100808133 /* SignUpView.swift */ = {isa = PBXFileReference; lastKnownFileType = sourcecode.swift; path = SignUpView.swift; sourceTree = "<group>"; };
		76E1837E271E1E680014A3AF /* SettingsEditImageView.swift */ = {isa = PBXFileReference; lastKnownFileType = sourcecode.swift; path = SettingsEditImageView.swift; sourceTree = "<group>"; };
		990495FD2708B2DF00E9C528 /* ProfileView.swift */ = {isa = PBXFileReference; lastKnownFileType = sourcecode.swift; path = ProfileView.swift; sourceTree = "<group>"; };
		990496002708B49900E9C528 /* ProfileHeaderView.swift */ = {isa = PBXFileReference; lastKnownFileType = sourcecode.swift; path = ProfileHeaderView.swift; sourceTree = "<group>"; };
		9966D70426E3CE2B00BB06E0 /* UploadView.swift */ = {isa = PBXFileReference; lastKnownFileType = sourcecode.swift; path = UploadView.swift; sourceTree = "<group>"; };
		9966D70726E3E51700BB06E0 /* ImagePicker.swift */ = {isa = PBXFileReference; lastKnownFileType = sourcecode.swift; path = ImagePicker.swift; sourceTree = "<group>"; };
		9966D70A26E4F39100BB06E0 /* PostImageView.swift */ = {isa = PBXFileReference; lastKnownFileType = sourcecode.swift; path = PostImageView.swift; sourceTree = "<group>"; };
		99DDC1DA2712F614001E6C0B /* SettingsView.swift */ = {isa = PBXFileReference; lastKnownFileType = sourcecode.swift; path = SettingsView.swift; sourceTree = "<group>"; };
		99DDC1DD2712FAAC001E6C0B /* SettingsLabelView.swift */ = {isa = PBXFileReference; lastKnownFileType = sourcecode.swift; path = SettingsLabelView.swift; sourceTree = "<group>"; };
		99DDC1E02712FFEA001E6C0B /* SettingsRowView.swift */ = {isa = PBXFileReference; lastKnownFileType = sourcecode.swift; path = SettingsRowView.swift; sourceTree = "<group>"; };
		99E6D37C26D970EA004CAE26 /* DogGram.app */ = {isa = PBXFileReference; explicitFileType = wrapper.application; includeInIndex = 0; path = DogGram.app; sourceTree = BUILT_PRODUCTS_DIR; };
		99E6D37F26D970EB004CAE26 /* DogGramApp.swift */ = {isa = PBXFileReference; lastKnownFileType = sourcecode.swift; path = DogGramApp.swift; sourceTree = "<group>"; };
		99E6D38126D970EB004CAE26 /* ContentView.swift */ = {isa = PBXFileReference; lastKnownFileType = sourcecode.swift; path = ContentView.swift; sourceTree = "<group>"; };
		99E6D38326D970F9004CAE26 /* Assets.xcassets */ = {isa = PBXFileReference; lastKnownFileType = folder.assetcatalog; path = Assets.xcassets; sourceTree = "<group>"; };
		99E6D38626D970F9004CAE26 /* Preview Assets.xcassets */ = {isa = PBXFileReference; lastKnownFileType = folder.assetcatalog; path = "Preview Assets.xcassets"; sourceTree = "<group>"; };
		99E6D38826D970F9004CAE26 /* Info.plist */ = {isa = PBXFileReference; lastKnownFileType = text.plist.xml; path = Info.plist; sourceTree = "<group>"; };
		99E6D39026D97AE4004CAE26 /* LaunchScreen.storyboard */ = {isa = PBXFileReference; lastKnownFileType = file.storyboard; path = LaunchScreen.storyboard; sourceTree = "<group>"; };
		99E6D39926D98337004CAE26 /* Extensions.swift */ = {isa = PBXFileReference; lastKnownFileType = sourcecode.swift; path = Extensions.swift; sourceTree = "<group>"; };
		99E6D39D26D984B3004CAE26 /* FeedView.swift */ = {isa = PBXFileReference; lastKnownFileType = sourcecode.swift; path = FeedView.swift; sourceTree = "<group>"; };
		99E6D3A126D985E5004CAE26 /* PostView.swift */ = {isa = PBXFileReference; lastKnownFileType = sourcecode.swift; path = PostView.swift; sourceTree = "<group>"; };
		99E6D3A526DA22B7004CAE26 /* PostModel.swift */ = {isa = PBXFileReference; lastKnownFileType = sourcecode.swift; path = PostModel.swift; sourceTree = "<group>"; };
		99E6D3A926DA2806004CAE26 /* PostArrayObject.swift */ = {isa = PBXFileReference; lastKnownFileType = sourcecode.swift; path = PostArrayObject.swift; sourceTree = "<group>"; };
		99E6D3AC26DA2E8E004CAE26 /* CommentsView.swift */ = {isa = PBXFileReference; lastKnownFileType = sourcecode.swift; path = CommentsView.swift; sourceTree = "<group>"; };
		99E6D3AF26DA32FB004CAE26 /* MessageView.swift */ = {isa = PBXFileReference; lastKnownFileType = sourcecode.swift; path = MessageView.swift; sourceTree = "<group>"; };
		99E6D3B226DA372A004CAE26 /* CommentModel.swift */ = {isa = PBXFileReference; lastKnownFileType = sourcecode.swift; path = CommentModel.swift; sourceTree = "<group>"; };
		99E6D3B526DA7C6C004CAE26 /* BrowseView.swift */ = {isa = PBXFileReference; lastKnownFileType = sourcecode.swift; path = BrowseView.swift; sourceTree = "<group>"; };
		99E6D3B826DA7D83004CAE26 /* CarouselView.swift */ = {isa = PBXFileReference; lastKnownFileType = sourcecode.swift; path = CarouselView.swift; sourceTree = "<group>"; };
		99E6D3BB26DA909F004CAE26 /* ImageGridView.swift */ = {isa = PBXFileReference; lastKnownFileType = sourcecode.swift; path = ImageGridView.swift; sourceTree = "<group>"; };
/* End PBXFileReference section */

/* Begin PBXFrameworksBuildPhase section */
		99E6D37926D970EA004CAE26 /* Frameworks */ = {
			isa = PBXFrameworksBuildPhase;
			buildActionMask = 2147483647;
			files = (
			);
			runOnlyForDeploymentPostprocessing = 0;
		};
/* End PBXFrameworksBuildPhase section */

/* Begin PBXGroup section */
		99E6D37326D970EA004CAE26 = {
			isa = PBXGroup;
			children = (
				99E6D37E26D970EB004CAE26 /* DogGram */,
				99E6D37D26D970EA004CAE26 /* Products */,
			);
			sourceTree = "<group>";
		};
		99E6D37D26D970EA004CAE26 /* Products */ = {
			isa = PBXGroup;
			children = (
				99E6D37C26D970EA004CAE26 /* DogGram.app */,
			);
			name = Products;
			sourceTree = "<group>";
		};
		99E6D37E26D970EB004CAE26 /* DogGram */ = {
			isa = PBXGroup;
			children = (
				99E6D3A426DA2298004CAE26 /* Model */,
				99E6D39826D98319004CAE26 /* Helpers */,
				99E6D39426D97FBA004CAE26 /* Views */,
				99E6D38326D970F9004CAE26 /* Assets.xcassets */,
				99E6D38826D970F9004CAE26 /* Info.plist */,
				99E6D38526D970F9004CAE26 /* Preview Content */,
				99E6D39026D97AE4004CAE26 /* LaunchScreen.storyboard */,
			);
			path = DogGram;
			sourceTree = "<group>";
		};
		99E6D38526D970F9004CAE26 /* Preview Content */ = {
			isa = PBXGroup;
			children = (
				99E6D38626D970F9004CAE26 /* Preview Assets.xcassets */,
			);
			path = "Preview Content";
			sourceTree = "<group>";
		};
		99E6D39426D97FBA004CAE26 /* Views */ = {
			isa = PBXGroup;
			children = (
				99E6D39626D97FD6004CAE26 /* SubViews */,
				99E6D39526D97FC9004CAE26 /* Screens */,
			);
			path = Views;
			sourceTree = "<group>";
		};
		99E6D39526D97FC9004CAE26 /* Screens */ = {
			isa = PBXGroup;
			children = (
				99E6D37F26D970EB004CAE26 /* DogGramApp.swift */,
				99E6D38126D970EB004CAE26 /* ContentView.swift */,
				99E6D39D26D984B3004CAE26 /* FeedView.swift */,
				99E6D3AC26DA2E8E004CAE26 /* CommentsView.swift */,
				99E6D3B526DA7C6C004CAE26 /* BrowseView.swift */,
				9966D70426E3CE2B00BB06E0 /* UploadView.swift */,
				9966D70A26E4F39100BB06E0 /* PostImageView.swift */,
				990495FD2708B2DF00E9C528 /* ProfileView.swift */,
				99DDC1DA2712F614001E6C0B /* SettingsView.swift */,
				765D1BBB271C34A6000835CD /* SettingsEditTextView.swift */,
				76E1837E271E1E680014A3AF /* SettingsEditImageView.swift */,
				76C353462721A13100808133 /* SignUpView.swift */,
				767F92C82722A16D009D85F1 /* OnboardingView.swift */,
				767F92CC2722A79C009D85F1 /* OnboardingViewPart2.swift */,
			);
			path = Screens;
			sourceTree = "<group>";
		};
		99E6D39626D97FD6004CAE26 /* SubViews */ = {
			isa = PBXGroup;
			children = (
				99E6D3A126D985E5004CAE26 /* PostView.swift */,
				99E6D3AF26DA32FB004CAE26 /* MessageView.swift */,
				99E6D3B826DA7D83004CAE26 /* CarouselView.swift */,
				99E6D3BB26DA909F004CAE26 /* ImageGridView.swift */,
				9966D70726E3E51700BB06E0 /* ImagePicker.swift */,
				990496002708B49900E9C528 /* ProfileHeaderView.swift */,
				99DDC1DD2712FAAC001E6C0B /* SettingsLabelView.swift */,
				99DDC1E02712FFEA001E6C0B /* SettingsRowView.swift */,
				767F92CA2722A419009D85F1 /* SignInWithAppleButtonCustom.swift */,
				767F92CE2722CD4C009D85F1 /* LikeAnimationView.swift */,
			);
			path = SubViews;
			sourceTree = "<group>";
		};
		99E6D39826D98319004CAE26 /* Helpers */ = {
			isa = PBXGroup;
			children = (
				99E6D39926D98337004CAE26 /* Extensions.swift */,
			);
			path = Helpers;
			sourceTree = "<group>";
		};
		99E6D3A426DA2298004CAE26 /* Model */ = {
			isa = PBXGroup;
			children = (
				99E6D3A526DA22B7004CAE26 /* PostModel.swift */,
				99E6D3A926DA2806004CAE26 /* PostArrayObject.swift */,
				99E6D3B226DA372A004CAE26 /* CommentModel.swift */,
			);
			path = Model;
			sourceTree = "<group>";
		};
/* End PBXGroup section */

/* Begin PBXNativeTarget section */
		99E6D37B26D970EA004CAE26 /* DogGram */ = {
			isa = PBXNativeTarget;
			buildConfigurationList = 99E6D38B26D970F9004CAE26 /* Build configuration list for PBXNativeTarget "DogGram" */;
			buildPhases = (
				99E6D37826D970EA004CAE26 /* Sources */,
				99E6D37926D970EA004CAE26 /* Frameworks */,
				99E6D37A26D970EA004CAE26 /* Resources */,
			);
			buildRules = (
			);
			dependencies = (
			);
			name = DogGram;
			productName = DogGram;
			productReference = 99E6D37C26D970EA004CAE26 /* DogGram.app */;
			productType = "com.apple.product-type.application";
		};
/* End PBXNativeTarget section */

/* Begin PBXProject section */
		99E6D37426D970EA004CAE26 /* Project object */ = {
			isa = PBXProject;
			attributes = {
				LastSwiftUpdateCheck = 1240;
				LastUpgradeCheck = 1240;
				TargetAttributes = {
					99E6D37B26D970EA004CAE26 = {
						CreatedOnToolsVersion = 12.4;
					};
				};
			};
			buildConfigurationList = 99E6D37726D970EA004CAE26 /* Build configuration list for PBXProject "DogGram" */;
			compatibilityVersion = "Xcode 9.3";
			developmentRegion = en;
			hasScannedForEncodings = 0;
			knownRegions = (
				en,
				Base,
			);
			mainGroup = 99E6D37326D970EA004CAE26;
			productRefGroup = 99E6D37D26D970EA004CAE26 /* Products */;
			projectDirPath = "";
			projectRoot = "";
			targets = (
				99E6D37B26D970EA004CAE26 /* DogGram */,
			);
		};
/* End PBXProject section */

/* Begin PBXResourcesBuildPhase section */
		99E6D37A26D970EA004CAE26 /* Resources */ = {
			isa = PBXResourcesBuildPhase;
			buildActionMask = 2147483647;
			files = (
				99E6D39126D97AE4004CAE26 /* LaunchScreen.storyboard in Resources */,
				99E6D38726D970F9004CAE26 /* Preview Assets.xcassets in Resources */,
				99E6D38426D970F9004CAE26 /* Assets.xcassets in Resources */,
			);
			runOnlyForDeploymentPostprocessing = 0;
		};
/* End PBXResourcesBuildPhase section */

/* Begin PBXSourcesBuildPhase section */
		99E6D37826D970EA004CAE26 /* Sources */ = {
			isa = PBXSourcesBuildPhase;
			buildActionMask = 2147483647;
			files = (
				99E6D39E26D984B3004CAE26 /* FeedView.swift in Sources */,
				767F92CB2722A419009D85F1 /* SignInWithAppleButtonCustom.swift in Sources */,
				99E6D3A626DA22B7004CAE26 /* PostModel.swift in Sources */,
				99DDC1DE2712FAAC001E6C0B /* SettingsLabelView.swift in Sources */,
				9966D70B26E4F39100BB06E0 /* PostImageView.swift in Sources */,
				76C353472721A13100808133 /* SignUpView.swift in Sources */,
				99E6D38226D970EB004CAE26 /* ContentView.swift in Sources */,
				99E6D3B026DA32FB004CAE26 /* MessageView.swift in Sources */,
				99E6D39A26D98337004CAE26 /* Extensions.swift in Sources */,
				99E6D3AA26DA2806004CAE26 /* PostArrayObject.swift in Sources */,
				99E6D3BC26DA909F004CAE26 /* ImageGridView.swift in Sources */,
				99E6D3A226D985E5004CAE26 /* PostView.swift in Sources */,
				990495FE2708B2DF00E9C528 /* ProfileView.swift in Sources */,
				99E6D3B626DA7C6C004CAE26 /* BrowseView.swift in Sources */,
				767F92CF2722CD4C009D85F1 /* LikeAnimationView.swift in Sources */,
				99E6D3B326DA372A004CAE26 /* CommentModel.swift in Sources */,
				76E1837F271E1E680014A3AF /* SettingsEditImageView.swift in Sources */,
				99E6D3AD26DA2E8E004CAE26 /* CommentsView.swift in Sources */,
				990496012708B49900E9C528 /* ProfileHeaderView.swift in Sources */,
				9966D70526E3CE2B00BB06E0 /* UploadView.swift in Sources */,
				767F92C92722A16D009D85F1 /* OnboardingView.swift in Sources */,
				9966D70826E3E51700BB06E0 /* ImagePicker.swift in Sources */,
				99E6D3B926DA7D83004CAE26 /* CarouselView.swift in Sources */,
				99E6D38026D970EB004CAE26 /* DogGramApp.swift in Sources */,
				99DDC1DB2712F614001E6C0B /* SettingsView.swift in Sources */,
				765D1BBC271C34A6000835CD /* SettingsEditTextView.swift in Sources */,
				767F92CD2722A79C009D85F1 /* OnboardingViewPart2.swift in Sources */,
				99DDC1E12712FFEA001E6C0B /* SettingsRowView.swift in Sources */,
			);
			runOnlyForDeploymentPostprocessing = 0;
		};
/* End PBXSourcesBuildPhase section */

/* Begin XCBuildConfiguration section */
		99E6D38926D970F9004CAE26 /* Debug */ = {
			isa = XCBuildConfiguration;
			buildSettings = {
				ALWAYS_SEARCH_USER_PATHS = NO;
				CLANG_ANALYZER_NONNULL = YES;
				CLANG_ANALYZER_NUMBER_OBJECT_CONVERSION = YES_AGGRESSIVE;
				CLANG_CXX_LANGUAGE_STANDARD = "gnu++14";
				CLANG_CXX_LIBRARY = "libc++";
				CLANG_ENABLE_MODULES = YES;
				CLANG_ENABLE_OBJC_ARC = YES;
				CLANG_ENABLE_OBJC_WEAK = YES;
				CLANG_WARN_BLOCK_CAPTURE_AUTORELEASING = YES;
				CLANG_WARN_BOOL_CONVERSION = YES;
				CLANG_WARN_COMMA = YES;
				CLANG_WARN_CONSTANT_CONVERSION = YES;
				CLANG_WARN_DEPRECATED_OBJC_IMPLEMENTATIONS = YES;
				CLANG_WARN_DIRECT_OBJC_ISA_USAGE = YES_ERROR;
				CLANG_WARN_DOCUMENTATION_COMMENTS = YES;
				CLANG_WARN_EMPTY_BODY = YES;
				CLANG_WARN_ENUM_CONVERSION = YES;
				CLANG_WARN_INFINITE_RECURSION = YES;
				CLANG_WARN_INT_CONVERSION = YES;
				CLANG_WARN_NON_LITERAL_NULL_CONVERSION = YES;
				CLANG_WARN_OBJC_IMPLICIT_RETAIN_SELF = YES;
				CLANG_WARN_OBJC_LITERAL_CONVERSION = YES;
				CLANG_WARN_OBJC_ROOT_CLASS = YES_ERROR;
				CLANG_WARN_QUOTED_INCLUDE_IN_FRAMEWORK_HEADER = YES;
				CLANG_WARN_RANGE_LOOP_ANALYSIS = YES;
				CLANG_WARN_STRICT_PROTOTYPES = YES;
				CLANG_WARN_SUSPICIOUS_MOVE = YES;
				CLANG_WARN_UNGUARDED_AVAILABILITY = YES_AGGRESSIVE;
				CLANG_WARN_UNREACHABLE_CODE = YES;
				CLANG_WARN__DUPLICATE_METHOD_MATCH = YES;
				COPY_PHASE_STRIP = NO;
				DEBUG_INFORMATION_FORMAT = dwarf;
				ENABLE_STRICT_OBJC_MSGSEND = YES;
				ENABLE_TESTABILITY = YES;
				GCC_C_LANGUAGE_STANDARD = gnu11;
				GCC_DYNAMIC_NO_PIC = NO;
				GCC_NO_COMMON_BLOCKS = YES;
				GCC_OPTIMIZATION_LEVEL = 0;
				GCC_PREPROCESSOR_DEFINITIONS = (
					"DEBUG=1",
					"$(inherited)",
				);
				GCC_WARN_64_TO_32_BIT_CONVERSION = YES;
				GCC_WARN_ABOUT_RETURN_TYPE = YES_ERROR;
				GCC_WARN_UNDECLARED_SELECTOR = YES;
				GCC_WARN_UNINITIALIZED_AUTOS = YES_AGGRESSIVE;
				GCC_WARN_UNUSED_FUNCTION = YES;
				GCC_WARN_UNUSED_VARIABLE = YES;
				IPHONEOS_DEPLOYMENT_TARGET = 14.4;
				MTL_ENABLE_DEBUG_INFO = INCLUDE_SOURCE;
				MTL_FAST_MATH = YES;
				ONLY_ACTIVE_ARCH = YES;
				SDKROOT = iphoneos;
				SWIFT_ACTIVE_COMPILATION_CONDITIONS = DEBUG;
				SWIFT_OPTIMIZATION_LEVEL = "-Onone";
			};
			name = Debug;
		};
		99E6D38A26D970F9004CAE26 /* Release */ = {
			isa = XCBuildConfiguration;
			buildSettings = {
				ALWAYS_SEARCH_USER_PATHS = NO;
				CLANG_ANALYZER_NONNULL = YES;
				CLANG_ANALYZER_NUMBER_OBJECT_CONVERSION = YES_AGGRESSIVE;
				CLANG_CXX_LANGUAGE_STANDARD = "gnu++14";
				CLANG_CXX_LIBRARY = "libc++";
				CLANG_ENABLE_MODULES = YES;
				CLANG_ENABLE_OBJC_ARC = YES;
				CLANG_ENABLE_OBJC_WEAK = YES;
				CLANG_WARN_BLOCK_CAPTURE_AUTORELEASING = YES;
				CLANG_WARN_BOOL_CONVERSION = YES;
				CLANG_WARN_COMMA = YES;
				CLANG_WARN_CONSTANT_CONVERSION = YES;
				CLANG_WARN_DEPRECATED_OBJC_IMPLEMENTATIONS = YES;
				CLANG_WARN_DIRECT_OBJC_ISA_USAGE = YES_ERROR;
				CLANG_WARN_DOCUMENTATION_COMMENTS = YES;
				CLANG_WARN_EMPTY_BODY = YES;
				CLANG_WARN_ENUM_CONVERSION = YES;
				CLANG_WARN_INFINITE_RECURSION = YES;
				CLANG_WARN_INT_CONVERSION = YES;
				CLANG_WARN_NON_LITERAL_NULL_CONVERSION = YES;
				CLANG_WARN_OBJC_IMPLICIT_RETAIN_SELF = YES;
				CLANG_WARN_OBJC_LITERAL_CONVERSION = YES;
				CLANG_WARN_OBJC_ROOT_CLASS = YES_ERROR;
				CLANG_WARN_QUOTED_INCLUDE_IN_FRAMEWORK_HEADER = YES;
				CLANG_WARN_RANGE_LOOP_ANALYSIS = YES;
				CLANG_WARN_STRICT_PROTOTYPES = YES;
				CLANG_WARN_SUSPICIOUS_MOVE = YES;
				CLANG_WARN_UNGUARDED_AVAILABILITY = YES_AGGRESSIVE;
				CLANG_WARN_UNREACHABLE_CODE = YES;
				CLANG_WARN__DUPLICATE_METHOD_MATCH = YES;
				COPY_PHASE_STRIP = NO;
				DEBUG_INFORMATION_FORMAT = "dwarf-with-dsym";
				ENABLE_NS_ASSERTIONS = NO;
				ENABLE_STRICT_OBJC_MSGSEND = YES;
				GCC_C_LANGUAGE_STANDARD = gnu11;
				GCC_NO_COMMON_BLOCKS = YES;
				GCC_WARN_64_TO_32_BIT_CONVERSION = YES;
				GCC_WARN_ABOUT_RETURN_TYPE = YES_ERROR;
				GCC_WARN_UNDECLARED_SELECTOR = YES;
				GCC_WARN_UNINITIALIZED_AUTOS = YES_AGGRESSIVE;
				GCC_WARN_UNUSED_FUNCTION = YES;
				GCC_WARN_UNUSED_VARIABLE = YES;
				IPHONEOS_DEPLOYMENT_TARGET = 14.4;
				MTL_ENABLE_DEBUG_INFO = NO;
				MTL_FAST_MATH = YES;
				SDKROOT = iphoneos;
				SWIFT_COMPILATION_MODE = wholemodule;
				SWIFT_OPTIMIZATION_LEVEL = "-O";
				VALIDATE_PRODUCT = YES;
			};
			name = Release;
		};
		99E6D38C26D970F9004CAE26 /* Debug */ = {
			isa = XCBuildConfiguration;
			buildSettings = {
				ASSETCATALOG_COMPILER_APPICON_NAME = AppIcon;
				ASSETCATALOG_COMPILER_GLOBAL_ACCENT_COLOR_NAME = AccentColor;
				CODE_SIGN_STYLE = Automatic;
				DEVELOPMENT_ASSET_PATHS = "\"DogGram/Preview Content\"";
				ENABLE_PREVIEWS = YES;
				INFOPLIST_FILE = DogGram/Info.plist;
				IPHONEOS_DEPLOYMENT_TARGET = 14.0;
				LD_RUNPATH_SEARCH_PATHS = (
					"$(inherited)",
					"@executable_path/Frameworks",
				);
				PRODUCT_BUNDLE_IDENTIFIER = com.shaunreddiar.DogGram;
				PRODUCT_NAME = "$(TARGET_NAME)";
				SWIFT_VERSION = 5.0;
				TARGETED_DEVICE_FAMILY = 1;
			};
			name = Debug;
		};
		99E6D38D26D970F9004CAE26 /* Release */ = {
			isa = XCBuildConfiguration;
			buildSettings = {
				ASSETCATALOG_COMPILER_APPICON_NAME = AppIcon;
				ASSETCATALOG_COMPILER_GLOBAL_ACCENT_COLOR_NAME = AccentColor;
				CODE_SIGN_STYLE = Automatic;
				DEVELOPMENT_ASSET_PATHS = "\"DogGram/Preview Content\"";
				ENABLE_PREVIEWS = YES;
				INFOPLIST_FILE = DogGram/Info.plist;
				IPHONEOS_DEPLOYMENT_TARGET = 14.0;
				LD_RUNPATH_SEARCH_PATHS = (
					"$(inherited)",
					"@executable_path/Frameworks",
				);
				PRODUCT_BUNDLE_IDENTIFIER = com.shaunreddiar.DogGram;
				PRODUCT_NAME = "$(TARGET_NAME)";
				SWIFT_VERSION = 5.0;
				TARGETED_DEVICE_FAMILY = 1;
			};
			name = Release;
		};
/* End XCBuildConfiguration section */

/* Begin XCConfigurationList section */
		99E6D37726D970EA004CAE26 /* Build configuration list for PBXProject "DogGram" */ = {
			isa = XCConfigurationList;
			buildConfigurations = (
				99E6D38926D970F9004CAE26 /* Debug */,
				99E6D38A26D970F9004CAE26 /* Release */,
			);
			defaultConfigurationIsVisible = 0;
			defaultConfigurationName = Release;
		};
		99E6D38B26D970F9004CAE26 /* Build configuration list for PBXNativeTarget "DogGram" */ = {
			isa = XCConfigurationList;
			buildConfigurations = (
				99E6D38C26D970F9004CAE26 /* Debug */,
				99E6D38D26D970F9004CAE26 /* Release */,
			);
			defaultConfigurationIsVisible = 0;
			defaultConfigurationName = Release;
		};
/* End XCConfigurationList section */
	};
	rootObject = 99E6D37426D970EA004CAE26 /* Project object */;
}
